
Microsoft Visual Studio Solution File, Format Version 12.00
# Visual Studio Version 16
VisualStudioVersion = 16.0.29001.49
MinimumVisualStudioVersion = 10.0.40219.1
Project("{9A19103F-16F7-4668-BE54-9A1E7A4F7556}") = "XamlBrewer.Uwp.Grpc.Server", "XamlBrewer.Uwp.Grpc.Server\XamlBrewer.Uwp.Grpc.Server.csproj", "{B2A755B9-C3DA-4DEF-9FF6-93E9AADF24B1}"
EndProject
Project("{9A19103F-16F7-4668-BE54-9A1E7A4F7556}") = "XamlBrewer.Uwp.Grpc.Console", "XamlBrewer.Uwp.Grpc.Console\XamlBrewer.Uwp.Grpc.Console.csproj", "{2FE4BD28-CEF8-4934-BA10-F7DF04452392}"
EndProject
Project("{FAE04EC0-301F-11D3-BF4B-00C04F79EFBC}") = "XamlBrewer.Uwp.Grpc.Client", "XamlBrewer.Uwp.Grpc.Client\XamlBrewer.Uwp.Grpc.Client.csproj", "{22F63ED7-0493-408C-A924-BC64C6EFA1D6}"
EndProject
Project("{FAE04EC0-301F-11D3-BF4B-00C04F79EFBC}") = "XamlBrewer.Uwp.Grpc.Data", "XamlBrewer.Uwp.Grpc.Data\XamlBrewer.Uwp.Grpc.Data.csproj", "{4D36F66F-0DA1-47B6-A442-F54FC682E19A}"
EndProject
Global
	GlobalSection(SolutionConfigurationPlatforms) = preSolution
		Debug|Any CPU = Debug|Any CPU
		Debug|ARM = Debug|ARM
		Debug|ARM64 = Debug|ARM64
		Debug|x64 = Debug|x64
		Debug|x86 = Debug|x86
		Release|Any CPU = Release|Any CPU
		Release|ARM = Release|ARM
		Release|ARM64 = Release|ARM64
		Release|x64 = Release|x64
		Release|x86 = Release|x86
	EndGlobalSection
	GlobalSection(ProjectConfigurationPlatforms) = postSolution
		{B2A755B9-C3DA-4DEF-9FF6-93E9AADF24B1}.Debug|Any CPU.ActiveCfg = Debug|Any CPU
		{B2A755B9-C3DA-4DEF-9FF6-93E9AADF24B1}.Debug|Any CPU.Build.0 = Debug|Any CPU
		{B2A755B9-C3DA-4DEF-9FF6-93E9AADF24B1}.Debug|ARM.ActiveCfg = Debug|Any CPU
		{B2A755B9-C3DA-4DEF-9FF6-93E9AADF24B1}.Debug|ARM.Build.0 = Debug|Any CPU
		{B2A755B9-C3DA-4DEF-9FF6-93E9AADF24B1}.Debug|ARM64.ActiveCfg = Debug|Any CPU
		{B2A755B9-C3DA-4DEF-9FF6-93E9AADF24B1}.Debug|ARM64.Build.0 = Debug|Any CPU
		{B2A755B9-C3DA-4DEF-9FF6-93E9AADF24B1}.Debug|x64.ActiveCfg = Debug|Any CPU
		{B2A755B9-C3DA-4DEF-9FF6-93E9AADF24B1}.Debug|x64.Build.0 = Debug|Any CPU
		{B2A755B9-C3DA-4DEF-9FF6-93E9AADF24B1}.Debug|x86.ActiveCfg = Debug|Any CPU
		{B2A755B9-C3DA-4DEF-9FF6-93E9AADF24B1}.Debug|x86.Build.0 = Debug|Any CPU
		{B2A755B9-C3DA-4DEF-9FF6-93E9AADF24B1}.Release|Any CPU.ActiveCfg = Release|Any CPU
		{B2A755B9-C3DA-4DEF-9FF6-93E9AADF24B1}.Release|Any CPU.Build.0 = Release|Any CPU
		{B2A755B9-C3DA-4DEF-9FF6-93E9AADF24B1}.Release|ARM.ActiveCfg = Release|Any CPU
		{B2A755B9-C3DA-4DEF-9FF6-93E9AADF24B1}.Release|ARM.Build.0 = Release|Any CPU
		{B2A755B9-C3DA-4DEF-9FF6-93E9AADF24B1}.Release|ARM64.ActiveCfg = Release|Any CPU
		{B2A755B9-C3DA-4DEF-9FF6-93E9AADF24B1}.Release|ARM64.Build.0 = Release|Any CPU
		{B2A755B9-C3DA-4DEF-9FF6-93E9AADF24B1}.Release|x64.ActiveCfg = Release|Any CPU
		{B2A755B9-C3DA-4DEF-9FF6-93E9AADF24B1}.Release|x64.Build.0 = Release|Any CPU
		{B2A755B9-C3DA-4DEF-9FF6-93E9AADF24B1}.Release|x86.ActiveCfg = Release|Any CPU
		{B2A755B9-C3DA-4DEF-9FF6-93E9AADF24B1}.Release|x86.Build.0 = Release|Any CPU
		{2FE4BD28-CEF8-4934-BA10-F7DF04452392}.Debug|Any CPU.ActiveCfg = Debug|Any CPU
		{2FE4BD28-CEF8-4934-BA10-F7DF04452392}.Debug|Any CPU.Build.0 = Debug|Any CPU
		{2FE4BD28-CEF8-4934-BA10-F7DF04452392}.Debug|ARM.ActiveCfg = Debug|Any CPU
		{2FE4BD28-CEF8-4934-BA10-F7DF04452392}.Debug|ARM.Build.0 = Debug|Any CPU
		{2FE4BD28-CEF8-4934-BA10-F7DF04452392}.Debug|ARM64.ActiveCfg = Debug|Any CPU
		{2FE4BD28-CEF8-4934-BA10-F7DF04452392}.Debug|ARM64.Build.0 = Debug|Any CPU
		{2FE4BD28-CEF8-4934-BA10-F7DF04452392}.Debug|x64.ActiveCfg = Debug|Any CPU
		{2FE4BD28-CEF8-4934-BA10-F7DF04452392}.Debug|x64.Build.0 = Debug|Any CPU
		{2FE4BD28-CEF8-4934-BA10-F7DF04452392}.Debug|x86.ActiveCfg = Debug|Any CPU
		{2FE4BD28-CEF8-4934-BA10-F7DF04452392}.Debug|x86.Build.0 = Debug|Any CPU
		{2FE4BD28-CEF8-4934-BA10-F7DF04452392}.Release|Any CPU.ActiveCfg = Release|Any CPU
		{2FE4BD28-CEF8-4934-BA10-F7DF04452392}.Release|Any CPU.Build.0 = Release|Any CPU
		{2FE4BD28-CEF8-4934-BA10-F7DF04452392}.Release|ARM.ActiveCfg = Release|Any CPU
		{2FE4BD28-CEF8-4934-BA10-F7DF04452392}.Release|ARM.Build.0 = Release|Any CPU
		{2FE4BD28-CEF8-4934-BA10-F7DF04452392}.Release|ARM64.ActiveCfg = Release|Any CPU
		{2FE4BD28-CEF8-4934-BA10-F7DF04452392}.Release|ARM64.Build.0 = Release|Any CPU
		{2FE4BD28-CEF8-4934-BA10-F7DF04452392}.Release|x64.ActiveCfg = Release|Any CPU
		{2FE4BD28-CEF8-4934-BA10-F7DF04452392}.Release|x64.Build.0 = Release|Any CPU
		{2FE4BD28-CEF8-4934-BA10-F7DF04452392}.Release|x86.ActiveCfg = Release|Any CPU
		{2FE4BD28-CEF8-4934-BA10-F7DF04452392}.Release|x86.Build.0 = Release|Any CPU
		{22F63ED7-0493-408C-A924-BC64C6EFA1D6}.Debug|Any CPU.ActiveCfg = Debug|x86
		{22F63ED7-0493-408C-A924-BC64C6EFA1D6}.Debug|ARM.ActiveCfg = Debug|ARM
		{22F63ED7-0493-408C-A924-BC64C6EFA1D6}.Debug|ARM.Build.0 = Debug|ARM
		{22F63ED7-0493-408C-A924-BC64C6EFA1D6}.Debug|ARM.Deploy.0 = Debug|ARM
		{22F63ED7-0493-408C-A924-BC64C6EFA1D6}.Debug|ARM64.ActiveCfg = Debug|ARM64
		{22F63ED7-0493-408C-A924-BC64C6EFA1D6}.Debug|ARM64.Build.0 = Debug|ARM64
		{22F63ED7-0493-408C-A924-BC64C6EFA1D6}.Debug|ARM64.Deploy.0 = Debug|ARM64
		{22F63ED7-0493-408C-A924-BC64C6EFA1D6}.Debug|x64.ActiveCfg = Debug|x64
		{22F63ED7-0493-408C-A924-BC64C6EFA1D6}.Debug|x64.Build.0 = Debug|x64
		{22F63ED7-0493-408C-A924-BC64C6EFA1D6}.Debug|x64.Deploy.0 = Debug|x64
		{22F63ED7-0493-408C-A924-BC64C6EFA1D6}.Debug|x86.ActiveCfg = Debug|x86
		{22F63ED7-0493-408C-A924-BC64C6EFA1D6}.Debug|x86.Build.0 = Debug|x86
		{22F63ED7-0493-408C-A924-BC64C6EFA1D6}.Debug|x86.Deploy.0 = Debug|x86
		{22F63ED7-0493-408C-A924-BC64C6EFA1D6}.Release|Any CPU.ActiveCfg = Release|x86
		{22F63ED7-0493-408C-A924-BC64C6EFA1D6}.Release|ARM.ActiveCfg = Release|ARM
		{22F63ED7-0493-408C-A924-BC64C6EFA1D6}.Release|ARM.Build.0 = Release|ARM
		{22F63ED7-0493-408C-A924-BC64C6EFA1D6}.Release|ARM.Deploy.0 = Release|ARM
		{22F63ED7-0493-408C-A924-BC64C6EFA1D6}.Release|ARM64.ActiveCfg = Release|ARM64
		{22F63ED7-0493-408C-A924-BC64C6EFA1D6}.Release|ARM64.Build.0 = Release|ARM64
		{22F63ED7-0493-408C-A924-BC64C6EFA1D6}.Release|ARM64.Deploy.0 = Release|ARM64
		{22F63ED7-0493-408C-A924-BC64C6EFA1D6}.Release|x64.ActiveCfg = Release|x64
		{22F63ED7-0493-408C-A924-BC64C6EFA1D6}.Release|x64.Build.0 = Release|x64
		{22F63ED7-0493-408C-A924-BC64C6EFA1D6}.Release|x64.Deploy.0 = Release|x64
		{22F63ED7-0493-408C-A924-BC64C6EFA1D6}.Release|x86.ActiveCfg = Release|x86
		{22F63ED7-0493-408C-A924-BC64C6EFA1D6}.Release|x86.Build.0 = Release|x86
		{22F63ED7-0493-408C-A924-BC64C6EFA1D6}.Release|x86.Deploy.0 = Release|x86
		{4D36F66F-0DA1-47B6-A442-F54FC682E19A}.Debug|Any CPU.ActiveCfg = Debug|Any CPU
		{4D36F66F-0DA1-47B6-A442-F54FC682E19A}.Debug|Any CPU.Build.0 = Debug|Any CPU
		{4D36F66F-0DA1-47B6-A442-F54FC682E19A}.Debug|ARM.ActiveCfg = Debug|Any CPU
		{4D36F66F-0DA1-47B6-A442-F54FC682E19A}.Debug|ARM.Build.0 = Debug|Any CPU
		{4D36F66F-0DA1-47B6-A442-F54FC682E19A}.Debug|ARM64.ActiveCfg = Debug|Any CPU
		{4D36F66F-0DA1-47B6-A442-F54FC682E19A}.Debug|ARM64.Build.0 = Debug|Any CPU
		{4D36F66F-0DA1-47B6-A442-F54FC682E19A}.Debug|x64.ActiveCfg = Debug|Any CPU
		{4D36F66F-0DA1-47B6-A442-F54FC682E19A}.Debug|x64.Build.0 = Debug|Any CPU
		{4D36F66F-0DA1-47B6-A442-F54FC682E19A}.Debug|x86.ActiveCfg = Debug|Any CPU
		{4D36F66F-0DA1-47B6-A442-F54FC682E19A}.Debug|x86.Build.0 = Debug|Any CPU
		{4D36F66F-0DA1-47B6-A442-F54FC682E19A}.Release|Any CPU.ActiveCfg = Release|Any CPU
		{4D36F66F-0DA1-47B6-A442-F54FC682E19A}.Release|Any CPU.Build.0 = Release|Any CPU
		{4D36F66F-0DA1-47B6-A442-F54FC682E19A}.Release|ARM.ActiveCfg = Release|Any CPU
		{4D36F66F-0DA1-47B6-A442-F54FC682E19A}.Release|ARM.Build.0 = Release|Any CPU
		{4D36F66F-0DA1-47B6-A442-F54FC682E19A}.Release|ARM64.ActiveCfg = Release|Any CPU
		{4D36F66F-0DA1-47B6-A442-F54FC682E19A}.Release|ARM64.Build.0 = Release|Any CPU
		{4D36F66F-0DA1-47B6-A442-F54FC682E19A}.Release|x64.ActiveCfg = Release|Any CPU
		{4D36F66F-0DA1-47B6-A442-F54FC682E19A}.Release|x64.Build.0 = Release|Any CPU
		{4D36F66F-0DA1-47B6-A442-F54FC682E19A}.Release|x86.ActiveCfg = Release|Any CPU
		{4D36F66F-0DA1-47B6-A442-F54FC682E19A}.Release|x86.Build.0 = Release|Any CPU
	EndGlobalSection
	GlobalSection(SolutionProperties) = preSolution
		HideSolutionNode = FALSE
	EndGlobalSection
	GlobalSection(ExtensibilityGlobals) = postSolution
		SolutionGuid = {EA183211-6356-4B81-9ABB-354A239B80D7}
	EndGlobalSection
EndGlobal
